// !$*UTF8*$!
{
	archiveVersion = 1;
	classes = {
	};
	objectVersion = 46;
	objects = {

/* Begin PBXBuildFile section */
		A0E3D0E61C1191FC00FCD5A7 /* AppDelegate.swift in Sources */ = {isa = PBXBuildFile; fileRef = A0E3D0E51C1191FC00FCD5A7 /* AppDelegate.swift */; };
		A0E3D0E81C1191FC00FCD5A7 /* ViewController.swift in Sources */ = {isa = PBXBuildFile; fileRef = A0E3D0E71C1191FC00FCD5A7 /* ViewController.swift */; };
		A0E3D0EB1C1191FC00FCD5A7 /* Main.storyboard in Resources */ = {isa = PBXBuildFile; fileRef = A0E3D0E91C1191FC00FCD5A7 /* Main.storyboard */; };
		A0E3D0ED1C1191FC00FCD5A7 /* Assets.xcassets in Resources */ = {isa = PBXBuildFile; fileRef = A0E3D0EC1C1191FC00FCD5A7 /* Assets.xcassets */; };
		A0E3D0F01C1191FC00FCD5A7 /* LaunchScreen.storyboard in Resources */ = {isa = PBXBuildFile; fileRef = A0E3D0EE1C1191FC00FCD5A7 /* LaunchScreen.storyboard */; };
		A0E3D0FB1C1191FD00FCD5A7 /* MainSceneTests.swift in Sources */ = {isa = PBXBuildFile; fileRef = A0E3D0FA1C1191FD00FCD5A7 /* MainSceneTests.swift */; };
/* End PBXBuildFile section */

/* Begin PBXContainerItemProxy section */
		A0E3D0F71C1191FD00FCD5A7 /* PBXContainerItemProxy */ = {
			isa = PBXContainerItemProxy;
			containerPortal = A0E3D0DA1C1191FC00FCD5A7 /* Project object */;
			proxyType = 1;
			remoteGlobalIDString = A0E3D0E11C1191FC00FCD5A7;
			remoteInfo = MainScene;
		};
/* End PBXContainerItemProxy section */

/* Begin PBXFileReference section */
		A0E3D0E21C1191FC00FCD5A7 /* MainScene.app */ = {isa = PBXFileReference; explicitFileType = wrapper.application; includeInIndex = 0; path = MainScene.app; sourceTree = BUILT_PRODUCTS_DIR; };
		A0E3D0E51C1191FC00FCD5A7 /* AppDelegate.swift */ = {isa = PBXFileReference; lastKnownFileType = sourcecode.swift; path = AppDelegate.swift; sourceTree = "<group>"; };
		A0E3D0E71C1191FC00FCD5A7 /* ViewController.swift */ = {isa = PBXFileReference; lastKnownFileType = sourcecode.swift; path = ViewController.swift; sourceTree = "<group>"; };
		A0E3D0EA1C1191FC00FCD5A7 /* Base */ = {isa = PBXFileReference; lastKnownFileType = file.storyboard; name = Base; path = Base.lproj/Main.storyboard; sourceTree = "<group>"; };
		A0E3D0EC1C1191FC00FCD5A7 /* Assets.xcassets */ = {isa = PBXFileReference; lastKnownFileType = folder.assetcatalog; path = Assets.xcassets; sourceTree = "<group>"; };
		A0E3D0EF1C1191FC00FCD5A7 /* Base */ = {isa = PBXFileReference; lastKnownFileType = file.storyboard; name = Base; path = Base.lproj/LaunchScreen.storyboard; sourceTree = "<group>"; };
		A0E3D0F11C1191FC00FCD5A7 /* Info.plist */ = {isa = PBXFileReference; lastKnownFileType = text.plist.xml; path = Info.plist; sourceTree = "<group>"; };
		A0E3D0F61C1191FD00FCD5A7 /* MainSceneTests.xctest */ = {isa = PBXFileReference; explicitFileType = wrapper.cfbundle; includeInIndex = 0; path = MainSceneTests.xctest; sourceTree = BUILT_PRODUCTS_DIR; };
		A0E3D0FA1C1191FD00FCD5A7 /* MainSceneTests.swift */ = {isa = PBXFileReference; lastKnownFileType = sourcecode.swift; path = MainSceneTests.swift; sourceTree = "<group>"; };
		A0E3D0FC1C1191FD00FCD5A7 /* Info.plist */ = {isa = PBXFileReference; lastKnownFileType = text.plist.xml; path = Info.plist; sourceTree = "<group>"; };
/* End PBXFileReference section */

/* Begin PBXFrameworksBuildPhase section */
		A0E3D0DF1C1191FC00FCD5A7 /* Frameworks */ = {
			isa = PBXFrameworksBuildPhase;
			buildActionMask = 2147483647;
			files = (
			);
			runOnlyForDeploymentPostprocessing = 0;
		};
		A0E3D0F31C1191FD00FCD5A7 /* Frameworks */ = {
			isa = PBXFrameworksBuildPhase;
			buildActionMask = 2147483647;
			files = (
			);
			runOnlyForDeploymentPostprocessing = 0;
		};
/* End PBXFrameworksBuildPhase section */

/* Begin PBXGroup section */
		A0E3D0D91C1191FC00FCD5A7 = {
			isa = PBXGroup;
			children = (
				A0E3D0E41C1191FC00FCD5A7 /* MainScene */,
				A0E3D0F91C1191FD00FCD5A7 /* MainSceneTests */,
				A0E3D0E31C1191FC00FCD5A7 /* Products */,
			);
			sourceTree = "<group>";
		};
		A0E3D0E31C1191FC00FCD5A7 /* Products */ = {
			isa = PBXGroup;
			children = (
				A0E3D0E21C1191FC00FCD5A7 /* MainScene.app */,
				A0E3D0F61C1191FD00FCD5A7 /* MainSceneTests.xctest */,
			);
			name = Products;
			sourceTree = "<group>";
		};
		A0E3D0E41C1191FC00FCD5A7 /* MainScene */ = {
			isa = PBXGroup;
			children = (
				A0E3D0E51C1191FC00FCD5A7 /* AppDelegate.swift */,
				A0E3D0E71C1191FC00FCD5A7 /* ViewController.swift */,
				A0E3D0E91C1191FC00FCD5A7 /* Main.storyboard */,
				A0E3D0EC1C1191FC00FCD5A7 /* Assets.xcassets */,
				A0E3D0EE1C1191FC00FCD5A7 /* LaunchScreen.storyboard */,
				A0E3D0F11C1191FC00FCD5A7 /* Info.plist */,
			);
			path = MainScene;
			sourceTree = "<group>";
		};
		A0E3D0F91C1191FD00FCD5A7 /* MainSceneTests */ = {
			isa = PBXGroup;
			children = (
				A0E3D0FA1C1191FD00FCD5A7 /* MainSceneTests.swift */,
				A0E3D0FC1C1191FD00FCD5A7 /* Info.plist */,
			);
			path = MainSceneTests;
			sourceTree = "<group>";
		};
/* End PBXGroup section */

/* Begin PBXNativeTarget section */
		A0E3D0E11C1191FC00FCD5A7 /* MainScene */ = {
			isa = PBXNativeTarget;
			buildConfigurationList = A0E3D0FF1C1191FD00FCD5A7 /* Build configuration list for PBXNativeTarget "MainScene" */;
			buildPhases = (
				A0E3D0DE1C1191FC00FCD5A7 /* Sources */,
				A0E3D0DF1C1191FC00FCD5A7 /* Frameworks */,
				A0E3D0E01C1191FC00FCD5A7 /* Resources */,
			);
			buildRules = (
			);
			dependencies = (
			);
			name = MainScene;
			productName = MainScene;
			productReference = A0E3D0E21C1191FC00FCD5A7 /* MainScene.app */;
			productType = "com.apple.product-type.application";
		};
		A0E3D0F51C1191FD00FCD5A7 /* MainSceneTests */ = {
			isa = PBXNativeTarget;
			buildConfigurationList = A0E3D1021C1191FD00FCD5A7 /* Build configuration list for PBXNativeTarget "MainSceneTests" */;
			buildPhases = (
				A0E3D0F21C1191FD00FCD5A7 /* Sources */,
				A0E3D0F31C1191FD00FCD5A7 /* Frameworks */,
				A0E3D0F41C1191FD00FCD5A7 /* Resources */,
			);
			buildRules = (
			);
			dependencies = (
				A0E3D0F81C1191FD00FCD5A7 /* PBXTargetDependency */,
			);
			name = MainSceneTests;
			productName = MainSceneTests;
			productReference = A0E3D0F61C1191FD00FCD5A7 /* MainSceneTests.xctest */;
			productType = "com.apple.product-type.bundle.unit-test";
		};
/* End PBXNativeTarget section */

/* Begin PBXProject section */
		A0E3D0DA1C1191FC00FCD5A7 /* Project object */ = {
			isa = PBXProject;
			attributes = {
				LastSwiftUpdateCheck = 0710;
				LastUpgradeCheck = 0710;
				ORGANIZATIONNAME = ishant;
				TargetAttributes = {
					A0E3D0E11C1191FC00FCD5A7 = {
						CreatedOnToolsVersion = 7.1.1;
					};
					A0E3D0F51C1191FD00FCD5A7 = {
						CreatedOnToolsVersion = 7.1.1;
						TestTargetID = A0E3D0E11C1191FC00FCD5A7;
					};
				};
			};
			buildConfigurationList = A0E3D0DD1C1191FC00FCD5A7 /* Build configuration list for PBXProject "MainScene" */;
			compatibilityVersion = "Xcode 3.2";
			developmentRegion = English;
			hasScannedForEncodings = 0;
			knownRegions = (
				en,
				Base,
			);
			mainGroup = A0E3D0D91C1191FC00FCD5A7;
			productRefGroup = A0E3D0E31C1191FC00FCD5A7 /* Products */;
			projectDirPath = "";
			projectRoot = "";
			targets = (
				A0E3D0E11C1191FC00FCD5A7 /* MainScene */,
				A0E3D0F51C1191FD00FCD5A7 /* MainSceneTests */,
			);
		};
/* End PBXProject section */

/* Begin PBXResourcesBuildPhase section */
		A0E3D0E01C1191FC00FCD5A7 /* Resources */ = {
			isa = PBXResourcesBuildPhase;
			buildActionMask = 2147483647;
			files = (
				A0E3D0F01C1191FC00FCD5A7 /* LaunchScreen.storyboard in Resources */,
				A0E3D0ED1C1191FC00FCD5A7 /* Assets.xcassets in Resources */,
				A0E3D0EB1C1191FC00FCD5A7 /* Main.storyboard in Resources */,
			);
			runOnlyForDeploymentPostprocessing = 0;
		};
		A0E3D0F41C1191FD00FCD5A7 /* Resources */ = {
			isa = PBXResourcesBuildPhase;
			buildActionMask = 2147483647;
			files = (
			);
			runOnlyForDeploymentPostprocessing = 0;
		};
/* End PBXResourcesBuildPhase section */

/* Begin PBXSourcesBuildPhase section */
		A0E3D0DE1C1191FC00FCD5A7 /* Sources */ = {
			isa = PBXSourcesBuildPhase;
			buildActionMask = 2147483647;
			files = (
				A0E3D0E81C1191FC00FCD5A7 /* ViewController.swift in Sources */,
				A0E3D0E61C1191FC00FCD5A7 /* AppDelegate.swift in Sources */,
			);
			runOnlyForDeploymentPostprocessing = 0;
		};
		A0E3D0F21C1191FD00FCD5A7 /* Sources */ = {
			isa = PBXSourcesBuildPhase;
			buildActionMask = 2147483647;
			files = (
				A0E3D0FB1C1191FD00FCD5A7 /* MainSceneTests.swift in Sources */,
			);
			runOnlyForDeploymentPostprocessing = 0;
		};
/* End PBXSourcesBuildPhase section */

/* Begin PBXTargetDependency section */
		A0E3D0F81C1191FD00FCD5A7 /* PBXTargetDependency */ = {
			isa = PBXTargetDependency;
			target = A0E3D0E11C1191FC00FCD5A7 /* MainScene */;
			targetProxy = A0E3D0F71C1191FD00FCD5A7 /* PBXContainerItemProxy */;
		};
/* End PBXTargetDependency section */

/* Begin PBXVariantGroup section */
		A0E3D0E91C1191FC00FCD5A7 /* Main.storyboard */ = {
			isa = PBXVariantGroup;
			children = (
				A0E3D0EA1C1191FC00FCD5A7 /* Base */,
			);
			name = Main.storyboard;
			sourceTree = "<group>";
		};
		A0E3D0EE1C1191FC00FCD5A7 /* LaunchScreen.storyboard */ = {
			isa = PBXVariantGroup;
			children = (
				A0E3D0EF1C1191FC00FCD5A7 /* Base */,
			);
			name = LaunchScreen.storyboard;
			sourceTree = "<group>";
		};
/* End PBXVariantGroup section */

/* Begin XCBuildConfiguration section */
		A0E3D0FD1C1191FD00FCD5A7 /* Debug */ = {
			isa = XCBuildConfiguration;
			buildSettings = {
				ALWAYS_SEARCH_USER_PATHS = NO;
				CLANG_CXX_LANGUAGE_STANDARD = "gnu++0x";
				CLANG_CXX_LIBRARY = "libc++";
				CLANG_ENABLE_MODULES = YES;
				CLANG_ENABLE_OBJC_ARC = YES;
				CLANG_WARN_BOOL_CONVERSION = YES;
				CLANG_WARN_CONSTANT_CONVERSION = YES;
				CLANG_WARN_DIRECT_OBJC_ISA_USAGE = YES_ERROR;
				CLANG_WARN_EMPTY_BODY = YES;
				CLANG_WARN_ENUM_CONVERSION = YES;
				CLANG_WARN_INT_CONVERSION = YES;
				CLANG_WARN_OBJC_ROOT_CLASS = YES_ERROR;
				CLANG_WARN_UNREACHABLE_CODE = YES;
				CLANG_WARN__DUPLICATE_METHOD_MATCH = YES;
				"CODE_SIGN_IDENTITY[sdk=iphoneos*]" = "iPhone Developer";
				COPY_PHASE_STRIP = NO;
				DEBUG_INFORMATION_FORMAT = dwarf;
				ENABLE_STRICT_OBJC_MSGSEND = YES;
				ENABLE_TESTABILITY = YES;
				GCC_C_LANGUAGE_STANDARD = gnu99;
				GCC_DYNAMIC_NO_PIC = NO;
				GCC_NO_COMMON_BLOCKS = YES;
				GCC_OPTIMIZATION_LEVEL = 0;
				GCC_PREPROCESSOR_DEFINITIONS = (
					"DEBUG=1",
					"$(inherited)",
				);
				GCC_WARN_64_TO_32_BIT_CONVERSION = YES;
				GCC_WARN_ABOUT_RETURN_TYPE = YES_ERROR;
				GCC_WARN_UNDECLARED_SELECTOR = YES;
				GCC_WARN_UNINITIALIZED_AUTOS = YES_AGGRESSIVE;
				GCC_WARN_UNUSED_FUNCTION = YES;
				GCC_WARN_UNUSED_VARIABLE = YES;
				IPHONEOS_DEPLOYMENT_TARGET = 9.1;
				MTL_ENABLE_DEBUG_INFO = YES;
				ONLY_ACTIVE_ARCH = YES;
				SDKROOT = iphoneos;
				SWIFT_OPTIMIZATION_LEVEL = "-Onone";
			};
			name = Debug;
		};
		A0E3D0FE1C1191FD00FCD5A7 /* Release */ = {
			isa = XCBuildConfiguration;
			buildSettings = {
				ALWAYS_SEARCH_USER_PATHS = NO;
				CLANG_CXX_LANGUAGE_STANDARD = "gnu++0x";
				CLANG_CXX_LIBRARY = "libc++";
				CLANG_ENABLE_MODULES = YES;
				CLANG_ENABLE_OBJC_ARC = YES;
				CLANG_WARN_BOOL_CONVERSION = YES;
				CLANG_WARN_CONSTANT_CONVERSION = YES;
				CLANG_WARN_DIRECT_OBJC_ISA_USAGE = YES_ERROR;
				CLANG_WARN_EMPTY_BODY = YES;
				CLANG_WARN_ENUM_CONVERSION = YES;
				CLANG_WARN_INT_CONVERSION = YES;
				CLANG_WARN_OBJC_ROOT_CLASS = YES_ERROR;
				CLANG_WARN_UNREACHABLE_CODE = YES;
				CLANG_WARN__DUPLICATE_METHOD_MATCH = YES;
				"CODE_SIGN_IDENTITY[sdk=iphoneos*]" = "iPhone Developer";
				COPY_PHASE_STRIP = NO;
				DEBUG_INFORMATION_FORMAT = "dwarf-with-dsym";
				ENABLE_NS_ASSERTIONS = NO;
				ENABLE_STRICT_OBJC_MSGSEND = YES;
				GCC_C_LANGUAGE_STANDARD = gnu99;
				GCC_NO_COMMON_BLOCKS = YES;
				GCC_WARN_64_TO_32_BIT_CONVERSION = YES;
				GCC_WARN_ABOUT_RETURN_TYPE = YES_ERROR;
				GCC_WARN_UNDECLARED_SELECTOR = YES;
				GCC_WARN_UNINITIALIZED_AUTOS = YES_AGGRESSIVE;
				GCC_WARN_UNUSED_FUNCTION = YES;
				GCC_WARN_UNUSED_VARIABLE = YES;
				IPHONEOS_DEPLOYMENT_TARGET = 9.1;
				MTL_ENABLE_DEBUG_INFO = NO;
				SDKROOT = iphoneos;
				VALIDATE_PRODUCT = YES;
			};
			name = Release;
		};
		A0E3D1001C1191FD00FCD5A7 /* Debug */ = {
			isa = XCBuildConfiguration;
			buildSettings = {
				ASSETCATALOG_COMPILER_APPICON_NAME = AppIcon;
				INFOPLIST_FILE = MainScene/Info.plist;
				LD_RUNPATH_SEARCH_PATHS = "$(inherited) @executable_path/Frameworks";
				PRODUCT_BUNDLE_IDENTIFIER = ishant.MainScene;
				PRODUCT_NAME = "$(TARGET_NAME)";
			};
			name = Debug;
		};
		A0E3D1011C1191FD00FCD5A7 /* Release */ = {
			isa = XCBuildConfiguration;
			buildSettings = {
				ASSETCATALOG_COMPILER_APPICON_NAME = AppIcon;
				INFOPLIST_FILE = MainScene/Info.plist;
				LD_RUNPATH_SEARCH_PATHS = "$(inherited) @executable_path/Frameworks";
				PRODUCT_BUNDLE_IDENTIFIER = ishant.MainScene;
				PRODUCT_NAME = "$(TARGET_NAME)";
			};
			name = Release;
		};
		A0E3D1031C1191FD00FCD5A7 /* Debug */ = {
			isa = XCBuildConfiguration;
			buildSettings = {
				BUNDLE_LOADER = "$(TEST_HOST)";
				INFOPLIST_FILE = MainSceneTests/Info.plist;
				LD_RUNPATH_SEARCH_PATHS = "$(inherited) @executable_path/Frameworks @loader_path/Frameworks";
				PRODUCT_BUNDLE_IDENTIFIER = ishant.MainSceneTests;
				PRODUCT_NAME = "$(TARGET_NAME)";
				TEST_HOST = "$(BUILT_PRODUCTS_DIR)/MainScene.app/MainScene";
			};
			name = Debug;
		};
		A0E3D1041C1191FD00FCD5A7 /* Release */ = {
			isa = XCBuildConfiguration;
			buildSettings = {
				BUNDLE_LOADER = "$(TEST_HOST)";
				INFOPLIST_FILE = MainSceneTests/Info.plist;
				LD_RUNPATH_SEARCH_PATHS = "$(inherited) @executable_path/Frameworks @loader_path/Frameworks";
				PRODUCT_BUNDLE_IDENTIFIER = ishant.MainSceneTests;
				PRODUCT_NAME = "$(TARGET_NAME)";
				TEST_HOST = "$(BUILT_PRODUCTS_DIR)/MainScene.app/MainScene";
			};
			name = Release;
		};
/* End XCBuildConfiguration section */

/* Begin XCConfigurationList section */
		A0E3D0DD1C1191FC00FCD5A7 /* Build configuration list for PBXProject "MainScene" */ = {
			isa = XCConfigurationList;
			buildConfigurations = (
				A0E3D0FD1C1191FD00FCD5A7 /* Debug */,
				A0E3D0FE1C1191FD00FCD5A7 /* Release */,
			);
			defaultConfigurationIsVisible = 0;
			defaultConfigurationName = Release;
		};
		A0E3D0FF1C1191FD00FCD5A7 /* Build configuration list for PBXNativeTarget "MainScene" */ = {
			isa = XCConfigurationList;
			buildConfigurations = (
				A0E3D1001C1191FD00FCD5A7 /* Debug */,
				A0E3D1011C1191FD00FCD5A7 /* Release */,
			);
			defaultConfigurationIsVisible = 0;
		};
		A0E3D1021C1191FD00FCD5A7 /* Build configuration list for PBXNativeTarget "MainSceneTests" */ = {
			isa = XCConfigurationList;
			buildConfigurations = (
				A0E3D1031C1191FD00FCD5A7 /* Debug */,
				A0E3D1041C1191FD00FCD5A7 /* Release */,
			);
			defaultConfigurationIsVisible = 0;
		};
/* End XCConfigurationList section */
	};
	rootObject = A0E3D0DA1C1191FC00FCD5A7 /* Project object */;
}
